
Microsoft Visual Studio Solution File, Format Version 12.00
# Visual Studio Version 16
VisualStudioVersion = 16.0.31729.503
MinimumVisualStudioVersion = 10.0.40219.1
Project("{9A19103F-16F7-4668-BE54-9A1E7A4F7556}") = "ClickTracker", "ClickTracker.csproj", "{6A7B9089-18C8-414A-B04D-2A031DC65A49}"
EndProject
Global
	GlobalSection(SolutionConfigurationPlatforms) = preSolution
		Debug|Any CPU = Debug|Any CPU
		Debug|x86 = Debug|x86
		Release|Any CPU = Release|Any CPU
		Release|x86 = Release|x86
	EndGlobalSection
	GlobalSection(ProjectConfigurationPlatforms) = postSolution
		{6A7B9089-18C8-414A-B04D-2A031DC65A49}.Debug|Any CPU.ActiveCfg = Debug|Any CPU
		{6A7B9089-18C8-414A-B04D-2A031DC65A49}.Debug|Any CPU.Build.0 = Debug|Any CPU
		{6A7B9089-18C8-414A-B04D-2A031DC65A49}.Debug|x86.ActiveCfg = Debug|Any CPU
		{6A7B9089-18C8-414A-B04D-2A031DC65A49}.Debug|x86.Build.0 = Debug|Any CPU
		{6A7B9089-18C8-414A-B04D-2A031DC65A49}.Release|Any CPU.ActiveCfg = Release|Any CPU
		{6A7B9089-18C8-414A-B04D-2A031DC65A49}.Release|Any CPU.Build.0 = Release|Any CPU
		{6A7B9089-18C8-414A-B04D-2A031DC65A49}.Release|x86.ActiveCfg = Release|Any CPU
		{6A7B9089-18C8-414A-B04D-2A031DC65A49}.Release|x86.Build.0 = Release|Any CPU
	EndGlobalSection
	GlobalSection(SolutionProperties) = preSolution
		HideSolutionNode = FALSE
	EndGlobalSection
	GlobalSection(ExtensibilityGlobals) = postSolution
		SolutionGuid = {C0565F61-CDB3-43AA-8A93-785408CEF9E0}
	EndGlobalSection
EndGlobal
